
Microsoft Visual Studio Solution File, Format Version 12.00
# Visual Studio Version 17
VisualStudioVersion = 17.9.34723.18
MinimumVisualStudioVersion = 10.0.40219.1
Project("{FAE04EC0-301F-11D3-BF4B-00C04F79EFBC}") = "aliexpress", "aliexpress\aliexpress.csproj", "{C7B490D3-7E1F-436C-82ED-3B3DE2E91D37}"
EndProject
Global
	GlobalSection(SolutionConfigurationPlatforms) = preSolution
		Debug|Any CPU = Debug|Any CPU
		Release|Any CPU = Release|Any CPU
	EndGlobalSection
	GlobalSection(ProjectConfigurationPlatforms) = postSolution
		{C7B490D3-7E1F-436C-82ED-3B3DE2E91D37}.Debug|Any CPU.ActiveCfg = Debug|Any CPU
		{C7B490D3-7E1F-436C-82ED-3B3DE2E91D37}.Debug|Any CPU.Build.0 = Debug|Any CPU
		{C7B490D3-7E1F-436C-82ED-3B3DE2E91D37}.Release|Any CPU.ActiveCfg = Release|Any CPU
		{C7B490D3-7E1F-436C-82ED-3B3DE2E91D37}.Release|Any CPU.Build.0 = Release|Any CPU
	EndGlobalSection
	GlobalSection(SolutionProperties) = preSolution
		HideSolutionNode = FALSE
	EndGlobalSection
	GlobalSection(ExtensibilityGlobals) = postSolution
		SolutionGuid = {B2DFAC3A-04C5-49F2-88EA-A8C24B1686E5}
	EndGlobalSection
EndGlobal
